# This file is automatically @generated by Poetry 1.8.2 and should not be changed by hand.

[[package]]
name = "robotframework"
version = "7.0"
description = "Generic automation framework for acceptance testing and robotic process automation (RPA)"
optional = false
python-versions = ">=3.8"
files = [
    {file = "robotframework-7.0-py3-none-any.whl", hash = "sha256:865f427c4e4ec8c0b71a24dedbdad6668adfecc9fce04d77d02e1b8e54b77f41"},
    {file = "robotframework-7.0.zip", hash = "sha256:04623f758346c917db182e17591ffa474090560c02ed5a64343902e72b7b4bd5"},
]

[metadata]
lock-version = "2.0"
python-versions = "^3.12"
content-hash = "a4926c5881bfd03637d05895b461fd4f0e33197fd6cbf6e2d784a894f4619a92"
